
Microsoft Visual Studio Solution File, Format Version 12.00
# Visual Studio Version 17
VisualStudioVersion = 17.4.33213.308
MinimumVisualStudioVersion = 10.0.40219.1
Project("{FAE04EC0-301F-11D3-BF4B-00C04F79EFBC}") = "PopulateMultiSubItem", "PopulateMultiSubItem.csproj", "{C7F5D442-F145-4B1D-B625-C28158427DB1}"
EndProject
Global
	GlobalSection(SolutionConfigurationPlatforms) = preSolution
		Debug|Any CPU = Debug|Any CPU
		Release|Any CPU = Release|Any CPU
	EndGlobalSection
	GlobalSection(ProjectConfigurationPlatforms) = postSolution
		{C7F5D442-F145-4B1D-B625-C28158427DB1}.Debug|Any CPU.ActiveCfg = Debug|Any CPU
		{C7F5D442-F145-4B1D-B625-C28158427DB1}.Debug|Any CPU.Build.0 = Debug|Any CPU
		{C7F5D442-F145-4B1D-B625-C28158427DB1}.Release|Any CPU.ActiveCfg = Release|Any CPU
		{C7F5D442-F145-4B1D-B625-C28158427DB1}.Release|Any CPU.Build.0 = Release|Any CPU
	EndGlobalSection
	GlobalSection(SolutionProperties) = preSolution
		HideSolutionNode = FALSE
	EndGlobalSection
	GlobalSection(ExtensibilityGlobals) = postSolution
		SolutionGuid = {5B342785-1FB0-443F-83DE-B96E7756AFFC}
	EndGlobalSection
EndGlobal
